
Microsoft Visual Studio Solution File, Format Version 12.00
# Visual Studio Version 17
VisualStudioVersion = 17.11.35303.130
MinimumVisualStudioVersion = 10.0.40219.1
Project("{FAE04EC0-301F-11D3-BF4B-00C04F79EFBC}") = "MD1", "MD1\MD1.csproj", "{AAA8C8B5-74A4-43F2-813B-CC5203020A92}"
EndProject
Project("{FAE04EC0-301F-11D3-BF4B-00C04F79EFBC}") = "StudyClasses", "StudyClasses\StudyClasses.csproj", "{A664FE17-C0A2-49A5-BA49-42935E905B4E}"
EndProject
Global
	GlobalSection(SolutionConfigurationPlatforms) = preSolution
		Debug|Any CPU = Debug|Any CPU
		Release|Any CPU = Release|Any CPU
	EndGlobalSection
	GlobalSection(ProjectConfigurationPlatforms) = postSolution
		{AAA8C8B5-74A4-43F2-813B-CC5203020A92}.Debug|Any CPU.ActiveCfg = Debug|Any CPU
		{AAA8C8B5-74A4-43F2-813B-CC5203020A92}.Debug|Any CPU.Build.0 = Debug|Any CPU
		{AAA8C8B5-74A4-43F2-813B-CC5203020A92}.Release|Any CPU.ActiveCfg = Release|Any CPU
		{AAA8C8B5-74A4-43F2-813B-CC5203020A92}.Release|Any CPU.Build.0 = Release|Any CPU
		{A664FE17-C0A2-49A5-BA49-42935E905B4E}.Debug|Any CPU.ActiveCfg = Debug|Any CPU
		{A664FE17-C0A2-49A5-BA49-42935E905B4E}.Debug|Any CPU.Build.0 = Debug|Any CPU
		{A664FE17-C0A2-49A5-BA49-42935E905B4E}.Release|Any CPU.ActiveCfg = Release|Any CPU
		{A664FE17-C0A2-49A5-BA49-42935E905B4E}.Release|Any CPU.Build.0 = Release|Any CPU
	EndGlobalSection
	GlobalSection(SolutionProperties) = preSolution
		HideSolutionNode = FALSE
	EndGlobalSection
	GlobalSection(ExtensibilityGlobals) = postSolution
		SolutionGuid = {2CDBDC7D-F9B9-437E-BCEC-5EB1E18B26EC}
	EndGlobalSection
EndGlobal
